
Microsoft Visual Studio Solution File, Format Version 12.00
# Visual Studio 2012
Project("{8BC9CEB8-8B4A-11D0-8D11-00A0C91BC942}") = "algsd2", "algsd2\algsd2.vcxproj", "{AF6690E3-575B-4845-A568-6C7FD87B3C42}"
EndProject
Global
	GlobalSection(SolutionConfigurationPlatforms) = preSolution
		Debug|Win32 = Debug|Win32
		Release|Win32 = Release|Win32
	EndGlobalSection
	GlobalSection(ProjectConfigurationPlatforms) = postSolution
		{AF6690E3-575B-4845-A568-6C7FD87B3C42}.Debug|Win32.ActiveCfg = Debug|Win32
		{AF6690E3-575B-4845-A568-6C7FD87B3C42}.Debug|Win32.Build.0 = Debug|Win32
		{AF6690E3-575B-4845-A568-6C7FD87B3C42}.Release|Win32.ActiveCfg = Release|Win32
		{AF6690E3-575B-4845-A568-6C7FD87B3C42}.Release|Win32.Build.0 = Release|Win32
	EndGlobalSection
	GlobalSection(SolutionProperties) = preSolution
		HideSolutionNode = FALSE
	EndGlobalSection
EndGlobal
